# generated by rye
# use `rye lock` or `rye sync` to update this lockfile
#
# last locked with the following flags:
#   pre: false
#   features: []
#   all-features: false
#   with-sources: false
#   generate-hashes: false
#   universal: false

-e file:.
annotated-types==0.7.0
    # via pydantic
apscheduler==3.11.0
    # via follower-bot
certifi==2025.1.31
    # via requests
charset-normalizer==3.4.1
    # via requests
colorama==0.4.6
    # via loguru
greenlet==3.2.0
    # via sqlalchemy
idna==3.10
    # via requests
loguru==0.7.3
    # via follower-bot
    # via loguru-config
loguru-config==0.1.0
    # via follower-bot
pydantic==2.11.2
    # via follower-bot
    # via pydantic-settings
    # via sqlmodel
pydantic-core==2.33.1
    # via pydantic
pydantic-settings==2.8.1
    # via follower-bot
python-dotenv==1.1.0
    # via pydantic-settings
pyyaml==6.0.2
    # via follower-bot
rate-keeper==0.4.0
    # via follower-bot
requests==2.32.3
    # via follower-bot
    # via rate-keeper
sqlalchemy==2.0.40
    # via sqlmodel
sqlmodel==0.0.24
    # via follower-bot
typing-extensions==4.13.1
    # via pydantic
    # via pydantic-core
    # via sqlalchemy
    # via typing-inspection
typing-inspection==0.4.0
    # via pydantic
tzdata==2025.2
    # via tzlocal
tzlocal==5.3.1
    # via apscheduler
urllib3==2.4.0
    # via requests
win32-setctime==1.2.0
    # via loguru
